// !$*UTF8*$!
{
	archiveVersion = 1;
	classes = {
	};
	objectVersion = 56;
	objects = {

/* Begin PBXBuildFile section */
		78A417F12998E7F30015C3EC /* MainScrollView.swift in Sources */ = {isa = PBXBuildFile; fileRef = 78A417F02998E7F30015C3EC /* MainScrollView.swift */; };
		78A417F5299B920E0015C3EC /* del.swift in Sources */ = {isa = PBXBuildFile; fileRef = 78A417F4299B920E0015C3EC /* del.swift */; };
		78E223B02997886B008CA3D0 /* AppDelegate.swift in Sources */ = {isa = PBXBuildFile; fileRef = 78E223AF2997886B008CA3D0 /* AppDelegate.swift */; };
		78E223B22997886B008CA3D0 /* SceneDelegate.swift in Sources */ = {isa = PBXBuildFile; fileRef = 78E223B12997886B008CA3D0 /* SceneDelegate.swift */; };
		78E223B42997886B008CA3D0 /* StartViewController.swift in Sources */ = {isa = PBXBuildFile; fileRef = 78E223B32997886B008CA3D0 /* StartViewController.swift */; };
		78E223B92997886C008CA3D0 /* Assets.xcassets in Resources */ = {isa = PBXBuildFile; fileRef = 78E223B82997886C008CA3D0 /* Assets.xcassets */; };
		78E223BC2997886C008CA3D0 /* LaunchScreen.storyboard in Resources */ = {isa = PBXBuildFile; fileRef = 78E223BA2997886C008CA3D0 /* LaunchScreen.storyboard */; };
		78E223C72998AF6A008CA3D0 /* UIViewController+extension.swift in Sources */ = {isa = PBXBuildFile; fileRef = 78E223C62998AF6A008CA3D0 /* UIViewController+extension.swift */; };
		78E223CA2998BC1C008CA3D0 /* SpektraFree-CondensedBoldFree.ttf in Resources */ = {isa = PBXBuildFile; fileRef = 78E223C92998BC1C008CA3D0 /* SpektraFree-CondensedBoldFree.ttf */; };
		78E223CC2998BC38008CA3D0 /* Spektra-CondensedBold.ttf in Resources */ = {isa = PBXBuildFile; fileRef = 78E223CB2998BC38008CA3D0 /* Spektra-CondensedBold.ttf */; };
		78E223D22998C251008CA3D0 /* MainViewController.swift in Sources */ = {isa = PBXBuildFile; fileRef = 78E223D12998C251008CA3D0 /* MainViewController.swift */; };
		78E223D52998E445008CA3D0 /* WhiteRoundedView.swift in Sources */ = {isa = PBXBuildFile; fileRef = 78E223D42998E445008CA3D0 /* WhiteRoundedView.swift */; };
/* End PBXBuildFile section */

/* Begin PBXFileReference section */
		78A417F02998E7F30015C3EC /* MainScrollView.swift */ = {isa = PBXFileReference; lastKnownFileType = sourcecode.swift; path = MainScrollView.swift; sourceTree = "<group>"; };
		78A417F4299B920E0015C3EC /* del.swift */ = {isa = PBXFileReference; lastKnownFileType = sourcecode.swift; path = del.swift; sourceTree = "<group>"; };
		78E223AC2997886B008CA3D0 /* weather.app */ = {isa = PBXFileReference; explicitFileType = wrapper.application; includeInIndex = 0; path = weather.app; sourceTree = BUILT_PRODUCTS_DIR; };
		78E223AF2997886B008CA3D0 /* AppDelegate.swift */ = {isa = PBXFileReference; lastKnownFileType = sourcecode.swift; path = AppDelegate.swift; sourceTree = "<group>"; };
		78E223B12997886B008CA3D0 /* SceneDelegate.swift */ = {isa = PBXFileReference; lastKnownFileType = sourcecode.swift; path = SceneDelegate.swift; sourceTree = "<group>"; };
		78E223B32997886B008CA3D0 /* StartViewController.swift */ = {isa = PBXFileReference; lastKnownFileType = sourcecode.swift; path = StartViewController.swift; sourceTree = "<group>"; };
		78E223B82997886C008CA3D0 /* Assets.xcassets */ = {isa = PBXFileReference; lastKnownFileType = folder.assetcatalog; path = Assets.xcassets; sourceTree = "<group>"; };
		78E223BB2997886C008CA3D0 /* Base */ = {isa = PBXFileReference; lastKnownFileType = file.storyboard; name = Base; path = Base.lproj/LaunchScreen.storyboard; sourceTree = "<group>"; };
		78E223BD2997886C008CA3D0 /* Info.plist */ = {isa = PBXFileReference; lastKnownFileType = text.plist.xml; path = Info.plist; sourceTree = "<group>"; };
		78E223C62998AF6A008CA3D0 /* UIViewController+extension.swift */ = {isa = PBXFileReference; lastKnownFileType = sourcecode.swift; path = "UIViewController+extension.swift"; sourceTree = "<group>"; };
		78E223C92998BC1C008CA3D0 /* SpektraFree-CondensedBoldFree.ttf */ = {isa = PBXFileReference; lastKnownFileType = file; path = "SpektraFree-CondensedBoldFree.ttf"; sourceTree = "<group>"; };
		78E223CB2998BC38008CA3D0 /* Spektra-CondensedBold.ttf */ = {isa = PBXFileReference; lastKnownFileType = file; path = "Spektra-CondensedBold.ttf"; sourceTree = "<group>"; };
		78E223D12998C251008CA3D0 /* MainViewController.swift */ = {isa = PBXFileReference; lastKnownFileType = sourcecode.swift; path = MainViewController.swift; sourceTree = "<group>"; };
		78E223D42998E445008CA3D0 /* WhiteRoundedView.swift */ = {isa = PBXFileReference; lastKnownFileType = sourcecode.swift; path = WhiteRoundedView.swift; sourceTree = "<group>"; };
/* End PBXFileReference section */

/* Begin PBXFrameworksBuildPhase section */
		78E223A92997886B008CA3D0 /* Frameworks */ = {
			isa = PBXFrameworksBuildPhase;
			buildActionMask = 2147483647;
			files = (
			);
			runOnlyForDeploymentPostprocessing = 0;
		};
/* End PBXFrameworksBuildPhase section */

/* Begin PBXGroup section */
		78E223A32997886B008CA3D0 = {
			isa = PBXGroup;
			children = (
				78E223AE2997886B008CA3D0 /* weather */,
				78E223AD2997886B008CA3D0 /* Products */,
			);
			sourceTree = "<group>";
		};
		78E223AD2997886B008CA3D0 /* Products */ = {
			isa = PBXGroup;
			children = (
				78E223AC2997886B008CA3D0 /* weather.app */,
			);
			name = Products;
			sourceTree = "<group>";
		};
		78E223AE2997886B008CA3D0 /* weather */ = {
			isa = PBXGroup;
			children = (
				78E223AF2997886B008CA3D0 /* AppDelegate.swift */,
				78E223C82998BBC5008CA3D0 /* Fonts */,
				78E223B12997886B008CA3D0 /* SceneDelegate.swift */,
				78E223D32998C279008CA3D0 /* Extensions */,
				78E223C329989958008CA3D0 /* StartModule */,
				78E223CF2998C227008CA3D0 /* MainModule */,
				78E223B82997886C008CA3D0 /* Assets.xcassets */,
				78E223BA2997886C008CA3D0 /* LaunchScreen.storyboard */,
				78E223BD2997886C008CA3D0 /* Info.plist */,
			);
			path = weather;
			sourceTree = "<group>";
		};
		78E223C329989958008CA3D0 /* StartModule */ = {
			isa = PBXGroup;
			children = (
				78E223CD2998C1A0008CA3D0 /* Model */,
				78E223C42998996B008CA3D0 /* View */,
				78E223CE2998C204008CA3D0 /* ViewModel */,
			);
			name = StartModule;
			sourceTree = "<group>";
		};
		78E223C42998996B008CA3D0 /* View */ = {
			isa = PBXGroup;
			children = (
				78E223B32997886B008CA3D0 /* StartViewController.swift */,
				78E223C52998AF49008CA3D0 /* Extensions */,
			);
			name = View;
			sourceTree = "<group>";
		};
		78E223C52998AF49008CA3D0 /* Extensions */ = {
			isa = PBXGroup;
			children = (
			);
			name = Extensions;
			sourceTree = "<group>";
		};
		78E223C82998BBC5008CA3D0 /* Fonts */ = {
			isa = PBXGroup;
			children = (
				78E223CB2998BC38008CA3D0 /* Spektra-CondensedBold.ttf */,
				78E223C92998BC1C008CA3D0 /* SpektraFree-CondensedBoldFree.ttf */,
			);
			name = Fonts;
			sourceTree = "<group>";
		};
		78E223CD2998C1A0008CA3D0 /* Model */ = {
			isa = PBXGroup;
			children = (
			);
			name = Model;
			sourceTree = "<group>";
		};
		78E223CE2998C204008CA3D0 /* ViewModel */ = {
			isa = PBXGroup;
			children = (
			);
			name = ViewModel;
			sourceTree = "<group>";
		};
		78E223CF2998C227008CA3D0 /* MainModule */ = {
			isa = PBXGroup;
			children = (
				78E223D02998C238008CA3D0 /* View */,
			);
			name = MainModule;
			sourceTree = "<group>";
		};
		78E223D02998C238008CA3D0 /* View */ = {
			isa = PBXGroup;
			children = (
				78E223D12998C251008CA3D0 /* MainViewController.swift */,
				78E223D42998E445008CA3D0 /* WhiteRoundedView.swift */,
				78A417F02998E7F30015C3EC /* MainScrollView.swift */,
				78A417F4299B920E0015C3EC /* del.swift */,
			);
			name = View;
			sourceTree = "<group>";
		};
		78E223D32998C279008CA3D0 /* Extensions */ = {
			isa = PBXGroup;
			children = (
				78E223C62998AF6A008CA3D0 /* UIViewController+extension.swift */,
			);
			name = Extensions;
			sourceTree = "<group>";
		};
/* End PBXGroup section */

/* Begin PBXNativeTarget section */
		78E223AB2997886B008CA3D0 /* weather */ = {
			isa = PBXNativeTarget;
			buildConfigurationList = 78E223C02997886C008CA3D0 /* Build configuration list for PBXNativeTarget "weather" */;
			buildPhases = (
				78E223A82997886B008CA3D0 /* Sources */,
				78E223A92997886B008CA3D0 /* Frameworks */,
				78E223AA2997886B008CA3D0 /* Resources */,
			);
			buildRules = (
			);
			dependencies = (
			);
			name = weather;
			productName = weather;
			productReference = 78E223AC2997886B008CA3D0 /* weather.app */;
			productType = "com.apple.product-type.application";
		};
/* End PBXNativeTarget section */

/* Begin PBXProject section */
		78E223A42997886B008CA3D0 /* Project object */ = {
			isa = PBXProject;
			attributes = {
				BuildIndependentTargetsInParallel = 1;
				LastSwiftUpdateCheck = 1420;
				LastUpgradeCheck = 1420;
				TargetAttributes = {
					78E223AB2997886B008CA3D0 = {
						CreatedOnToolsVersion = 14.2;
					};
				};
			};
			buildConfigurationList = 78E223A72997886B008CA3D0 /* Build configuration list for PBXProject "weather" */;
			compatibilityVersion = "Xcode 14.0";
			developmentRegion = en;
			hasScannedForEncodings = 0;
			knownRegions = (
				en,
				Base,
			);
			mainGroup = 78E223A32997886B008CA3D0;
			productRefGroup = 78E223AD2997886B008CA3D0 /* Products */;
			projectDirPath = "";
			projectRoot = "";
			targets = (
				78E223AB2997886B008CA3D0 /* weather */,
			);
		};
/* End PBXProject section */

/* Begin PBXResourcesBuildPhase section */
		78E223AA2997886B008CA3D0 /* Resources */ = {
			isa = PBXResourcesBuildPhase;
			buildActionMask = 2147483647;
			files = (
				78E223CC2998BC38008CA3D0 /* Spektra-CondensedBold.ttf in Resources */,
				78E223BC2997886C008CA3D0 /* LaunchScreen.storyboard in Resources */,
				78E223CA2998BC1C008CA3D0 /* SpektraFree-CondensedBoldFree.ttf in Resources */,
				78E223B92997886C008CA3D0 /* Assets.xcassets in Resources */,
			);
			runOnlyForDeploymentPostprocessing = 0;
		};
/* End PBXResourcesBuildPhase section */

/* Begin PBXSourcesBuildPhase section */
		78E223A82997886B008CA3D0 /* Sources */ = {
			isa = PBXSourcesBuildPhase;
			buildActionMask = 2147483647;
			files = (
				78E223C72998AF6A008CA3D0 /* UIViewController+extension.swift in Sources */,
				78A417F5299B920E0015C3EC /* del.swift in Sources */,
				78A417F12998E7F30015C3EC /* MainScrollView.swift in Sources */,
				78E223B42997886B008CA3D0 /* StartViewController.swift in Sources */,
				78E223B02997886B008CA3D0 /* AppDelegate.swift in Sources */,
				78E223D52998E445008CA3D0 /* WhiteRoundedView.swift in Sources */,
				78E223B22997886B008CA3D0 /* SceneDelegate.swift in Sources */,
				78E223D22998C251008CA3D0 /* MainViewController.swift in Sources */,
			);
			runOnlyForDeploymentPostprocessing = 0;
		};
/* End PBXSourcesBuildPhase section */

/* Begin PBXVariantGroup section */
		78E223BA2997886C008CA3D0 /* LaunchScreen.storyboard */ = {
			isa = PBXVariantGroup;
			children = (
				78E223BB2997886C008CA3D0 /* Base */,
			);
			name = LaunchScreen.storyboard;
			sourceTree = "<group>";
		};
/* End PBXVariantGroup section */

/* Begin XCBuildConfiguration section */
		78E223BE2997886C008CA3D0 /* Debug */ = {
			isa = XCBuildConfiguration;
			buildSettings = {
				ALWAYS_SEARCH_USER_PATHS = NO;
				CLANG_ANALYZER_NONNULL = YES;
				CLANG_ANALYZER_NUMBER_OBJECT_CONVERSION = YES_AGGRESSIVE;
				CLANG_CXX_LANGUAGE_STANDARD = "gnu++20";
				CLANG_ENABLE_MODULES = YES;
				CLANG_ENABLE_OBJC_ARC = YES;
				CLANG_ENABLE_OBJC_WEAK = YES;
				CLANG_WARN_BLOCK_CAPTURE_AUTORELEASING = YES;
				CLANG_WARN_BOOL_CONVERSION = YES;
				CLANG_WARN_COMMA = YES;
				CLANG_WARN_CONSTANT_CONVERSION = YES;
				CLANG_WARN_DEPRECATED_OBJC_IMPLEMENTATIONS = YES;
				CLANG_WARN_DIRECT_OBJC_ISA_USAGE = YES_ERROR;
				CLANG_WARN_DOCUMENTATION_COMMENTS = YES;
				CLANG_WARN_EMPTY_BODY = YES;
				CLANG_WARN_ENUM_CONVERSION = YES;
				CLANG_WARN_INFINITE_RECURSION = YES;
				CLANG_WARN_INT_CONVERSION = YES;
				CLANG_WARN_NON_LITERAL_NULL_CONVERSION = YES;
				CLANG_WARN_OBJC_IMPLICIT_RETAIN_SELF = YES;
				CLANG_WARN_OBJC_LITERAL_CONVERSION = YES;
				CLANG_WARN_OBJC_ROOT_CLASS = YES_ERROR;
				CLANG_WARN_QUOTED_INCLUDE_IN_FRAMEWORK_HEADER = YES;
				CLANG_WARN_RANGE_LOOP_ANALYSIS = YES;
				CLANG_WARN_STRICT_PROTOTYPES = YES;
				CLANG_WARN_SUSPICIOUS_MOVE = YES;
				CLANG_WARN_UNGUARDED_AVAILABILITY = YES_AGGRESSIVE;
				CLANG_WARN_UNREACHABLE_CODE = YES;
				CLANG_WARN__DUPLICATE_METHOD_MATCH = YES;
				COPY_PHASE_STRIP = NO;
				DEBUG_INFORMATION_FORMAT = dwarf;
				ENABLE_STRICT_OBJC_MSGSEND = YES;
				ENABLE_TESTABILITY = YES;
				GCC_C_LANGUAGE_STANDARD = gnu11;
				GCC_DYNAMIC_NO_PIC = NO;
				GCC_NO_COMMON_BLOCKS = YES;
				GCC_OPTIMIZATION_LEVEL = 0;
				GCC_PREPROCESSOR_DEFINITIONS = (
					"DEBUG=1",
					"$(inherited)",
				);
				GCC_WARN_64_TO_32_BIT_CONVERSION = YES;
				GCC_WARN_ABOUT_RETURN_TYPE = YES_ERROR;
				GCC_WARN_UNDECLARED_SELECTOR = YES;
				GCC_WARN_UNINITIALIZED_AUTOS = YES_AGGRESSIVE;
				GCC_WARN_UNUSED_FUNCTION = YES;
				GCC_WARN_UNUSED_VARIABLE = YES;
				IPHONEOS_DEPLOYMENT_TARGET = 16.2;
				MTL_ENABLE_DEBUG_INFO = INCLUDE_SOURCE;
				MTL_FAST_MATH = YES;
				ONLY_ACTIVE_ARCH = YES;
				SDKROOT = iphoneos;
				SWIFT_ACTIVE_COMPILATION_CONDITIONS = DEBUG;
				SWIFT_OPTIMIZATION_LEVEL = "-Onone";
			};
			name = Debug;
		};
		78E223BF2997886C008CA3D0 /* Release */ = {
			isa = XCBuildConfiguration;
			buildSettings = {
				ALWAYS_SEARCH_USER_PATHS = NO;
				CLANG_ANALYZER_NONNULL = YES;
				CLANG_ANALYZER_NUMBER_OBJECT_CONVERSION = YES_AGGRESSIVE;
				CLANG_CXX_LANGUAGE_STANDARD = "gnu++20";
				CLANG_ENABLE_MODULES = YES;
				CLANG_ENABLE_OBJC_ARC = YES;
				CLANG_ENABLE_OBJC_WEAK = YES;
				CLANG_WARN_BLOCK_CAPTURE_AUTORELEASING = YES;
				CLANG_WARN_BOOL_CONVERSION = YES;
				CLANG_WARN_COMMA = YES;
				CLANG_WARN_CONSTANT_CONVERSION = YES;
				CLANG_WARN_DEPRECATED_OBJC_IMPLEMENTATIONS = YES;
				CLANG_WARN_DIRECT_OBJC_ISA_USAGE = YES_ERROR;
				CLANG_WARN_DOCUMENTATION_COMMENTS = YES;
				CLANG_WARN_EMPTY_BODY = YES;
				CLANG_WARN_ENUM_CONVERSION = YES;
				CLANG_WARN_INFINITE_RECURSION = YES;
				CLANG_WARN_INT_CONVERSION = YES;
				CLANG_WARN_NON_LITERAL_NULL_CONVERSION = YES;
				CLANG_WARN_OBJC_IMPLICIT_RETAIN_SELF = YES;
				CLANG_WARN_OBJC_LITERAL_CONVERSION = YES;
				CLANG_WARN_OBJC_ROOT_CLASS = YES_ERROR;
				CLANG_WARN_QUOTED_INCLUDE_IN_FRAMEWORK_HEADER = YES;
				CLANG_WARN_RANGE_LOOP_ANALYSIS = YES;
				CLANG_WARN_STRICT_PROTOTYPES = YES;
				CLANG_WARN_SUSPICIOUS_MOVE = YES;
				CLANG_WARN_UNGUARDED_AVAILABILITY = YES_AGGRESSIVE;
				CLANG_WARN_UNREACHABLE_CODE = YES;
				CLANG_WARN__DUPLICATE_METHOD_MATCH = YES;
				COPY_PHASE_STRIP = NO;
				DEBUG_INFORMATION_FORMAT = "dwarf-with-dsym";
				ENABLE_NS_ASSERTIONS = NO;
				ENABLE_STRICT_OBJC_MSGSEND = YES;
				GCC_C_LANGUAGE_STANDARD = gnu11;
				GCC_NO_COMMON_BLOCKS = YES;
				GCC_WARN_64_TO_32_BIT_CONVERSION = YES;
				GCC_WARN_ABOUT_RETURN_TYPE = YES_ERROR;
				GCC_WARN_UNDECLARED_SELECTOR = YES;
				GCC_WARN_UNINITIALIZED_AUTOS = YES_AGGRESSIVE;
				GCC_WARN_UNUSED_FUNCTION = YES;
				GCC_WARN_UNUSED_VARIABLE = YES;
				IPHONEOS_DEPLOYMENT_TARGET = 16.2;
				MTL_ENABLE_DEBUG_INFO = NO;
				MTL_FAST_MATH = YES;
				SDKROOT = iphoneos;
				SWIFT_COMPILATION_MODE = wholemodule;
				SWIFT_OPTIMIZATION_LEVEL = "-O";
				VALIDATE_PRODUCT = YES;
			};
			name = Release;
		};
		78E223C12997886C008CA3D0 /* Debug */ = {
			isa = XCBuildConfiguration;
			buildSettings = {
				ASSETCATALOG_COMPILER_APPICON_NAME = AppIcon;
				ASSETCATALOG_COMPILER_GLOBAL_ACCENT_COLOR_NAME = AccentColor;
				CODE_SIGN_STYLE = Automatic;
				CURRENT_PROJECT_VERSION = 1;
				DEVELOPMENT_TEAM = W5HU6K6SBC;
				GENERATE_INFOPLIST_FILE = YES;
				INFOPLIST_FILE = weather/Info.plist;
				INFOPLIST_KEY_LSApplicationCategoryType = "public.app-category.weather";
				INFOPLIST_KEY_UIApplicationSupportsIndirectInputEvents = YES;
				INFOPLIST_KEY_UILaunchStoryboardName = LaunchScreen;
				INFOPLIST_KEY_UISupportedInterfaceOrientations = UIInterfaceOrientationPortrait;
				INFOPLIST_KEY_UISupportedInterfaceOrientations_iPad = "UIInterfaceOrientationLandscapeLeft UIInterfaceOrientationLandscapeRight UIInterfaceOrientationPortrait UIInterfaceOrientationPortraitUpsideDown";
				IPHONEOS_DEPLOYMENT_TARGET = 13.0;
				LD_RUNPATH_SEARCH_PATHS = (
					"$(inherited)",
					"@executable_path/Frameworks",
				);
				MARKETING_VERSION = 1.0;
				PRODUCT_BUNDLE_IDENTIFIER = madzom.weather;
				PRODUCT_NAME = "$(TARGET_NAME)";
				SUPPORTED_PLATFORMS = "iphoneos iphonesimulator";
				SUPPORTS_MACCATALYST = NO;
				SUPPORTS_MAC_DESIGNED_FOR_IPHONE_IPAD = NO;
				SWIFT_EMIT_LOC_STRINGS = YES;
				SWIFT_VERSION = 5.0;
				TARGETED_DEVICE_FAMILY = 1;
			};
			name = Debug;
		};
		78E223C22997886C008CA3D0 /* Release */ = {
			isa = XCBuildConfiguration;
			buildSettings = {
				ASSETCATALOG_COMPILER_APPICON_NAME = AppIcon;
				ASSETCATALOG_COMPILER_GLOBAL_ACCENT_COLOR_NAME = AccentColor;
				CODE_SIGN_STYLE = Automatic;
				CURRENT_PROJECT_VERSION = 1;
				DEVELOPMENT_TEAM = W5HU6K6SBC;
				GENERATE_INFOPLIST_FILE = YES;
				INFOPLIST_FILE = weather/Info.plist;
				INFOPLIST_KEY_LSApplicationCategoryType = "public.app-category.weather";
				INFOPLIST_KEY_UIApplicationSupportsIndirectInputEvents = YES;
				INFOPLIST_KEY_UILaunchStoryboardName = LaunchScreen;
				INFOPLIST_KEY_UISupportedInterfaceOrientations = UIInterfaceOrientationPortrait;
				INFOPLIST_KEY_UISupportedInterfaceOrientations_iPad = "UIInterfaceOrientationLandscapeLeft UIInterfaceOrientationLandscapeRight UIInterfaceOrientationPortrait UIInterfaceOrientationPortraitUpsideDown";
				IPHONEOS_DEPLOYMENT_TARGET = 13.0;
				LD_RUNPATH_SEARCH_PATHS = (
					"$(inherited)",
					"@executable_path/Frameworks",
				);
				MARKETING_VERSION = 1.0;
				PRODUCT_BUNDLE_IDENTIFIER = madzom.weather;
				PRODUCT_NAME = "$(TARGET_NAME)";
				SUPPORTED_PLATFORMS = "iphoneos iphonesimulator";
				SUPPORTS_MACCATALYST = NO;
				SUPPORTS_MAC_DESIGNED_FOR_IPHONE_IPAD = NO;
				SWIFT_EMIT_LOC_STRINGS = YES;
				SWIFT_VERSION = 5.0;
				TARGETED_DEVICE_FAMILY = 1;
			};
			name = Release;
		};
/* End XCBuildConfiguration section */

/* Begin XCConfigurationList section */
		78E223A72997886B008CA3D0 /* Build configuration list for PBXProject "weather" */ = {
			isa = XCConfigurationList;
			buildConfigurations = (
				78E223BE2997886C008CA3D0 /* Debug */,
				78E223BF2997886C008CA3D0 /* Release */,
			);
			defaultConfigurationIsVisible = 0;
			defaultConfigurationName = Release;
		};
		78E223C02997886C008CA3D0 /* Build configuration list for PBXNativeTarget "weather" */ = {
			isa = XCConfigurationList;
			buildConfigurations = (
				78E223C12997886C008CA3D0 /* Debug */,
				78E223C22997886C008CA3D0 /* Release */,
			);
			defaultConfigurationIsVisible = 0;
			defaultConfigurationName = Release;
		};
/* End XCConfigurationList section */
	};
	rootObject = 78E223A42997886B008CA3D0 /* Project object */;
}
